
Microsoft Visual Studio Solution File, Format Version 12.00
# Visual Studio Version 17
VisualStudioVersion = 17.6.33723.286
MinimumVisualStudioVersion = 10.0.40219.1
Project("{FAE04EC0-301F-11D3-BF4B-00C04F79EFBC}") = "Client", "RemoteApp\Client.csproj", "{367200A5-4700-4205-AE69-E908D136EF6E}"
EndProject
Project("{FAE04EC0-301F-11D3-BF4B-00C04F79EFBC}") = "ServerService", "ServerService\ServerService.csproj", "{FA556A55-9650-45A7-A1E1-D7F29EA39A0F}"
EndProject
Project("{FAE04EC0-301F-11D3-BF4B-00C04F79EFBC}") = "Client.Tests", "Client.Tests\Client.Tests.csproj", "{78289C2D-6A64-4759-BEC4-553C28CCAA2B}"
EndProject
Global
	GlobalSection(SolutionConfigurationPlatforms) = preSolution
		Debug|Any CPU = Debug|Any CPU
		Release|Any CPU = Release|Any CPU
	EndGlobalSection
	GlobalSection(ProjectConfigurationPlatforms) = postSolution
		{367200A5-4700-4205-AE69-E908D136EF6E}.Debug|Any CPU.ActiveCfg = Debug|Any CPU
		{367200A5-4700-4205-AE69-E908D136EF6E}.Debug|Any CPU.Build.0 = Debug|Any CPU
		{367200A5-4700-4205-AE69-E908D136EF6E}.Release|Any CPU.ActiveCfg = Release|Any CPU
		{367200A5-4700-4205-AE69-E908D136EF6E}.Release|Any CPU.Build.0 = Release|Any CPU
		{FA556A55-9650-45A7-A1E1-D7F29EA39A0F}.Debug|Any CPU.ActiveCfg = Debug|Any CPU
		{FA556A55-9650-45A7-A1E1-D7F29EA39A0F}.Debug|Any CPU.Build.0 = Debug|Any CPU
		{FA556A55-9650-45A7-A1E1-D7F29EA39A0F}.Release|Any CPU.ActiveCfg = Release|Any CPU
		{FA556A55-9650-45A7-A1E1-D7F29EA39A0F}.Release|Any CPU.Build.0 = Release|Any CPU
		{78289C2D-6A64-4759-BEC4-553C28CCAA2B}.Debug|Any CPU.ActiveCfg = Debug|Any CPU
		{78289C2D-6A64-4759-BEC4-553C28CCAA2B}.Debug|Any CPU.Build.0 = Debug|Any CPU
		{78289C2D-6A64-4759-BEC4-553C28CCAA2B}.Release|Any CPU.ActiveCfg = Release|Any CPU
		{78289C2D-6A64-4759-BEC4-553C28CCAA2B}.Release|Any CPU.Build.0 = Release|Any CPU
	EndGlobalSection
	GlobalSection(SolutionProperties) = preSolution
		HideSolutionNode = FALSE
	EndGlobalSection
	GlobalSection(ExtensibilityGlobals) = postSolution
		SolutionGuid = {99039EE7-C571-4335-B8D6-347F714EF3CC}
	EndGlobalSection
EndGlobal
